
Microsoft Visual Studio Solution File, Format Version 12.00
# Visual Studio Version 16
VisualStudioVersion = 16.0.32630.194
MinimumVisualStudioVersion = 10.0.40219.1
Project("{FAE04EC0-301F-11D3-BF4B-00C04F79EFBC}") = "ap1", "ap1\ap1.csproj", "{16B22900-EAD8-4C67-AE50-6DC12D55173D}"
EndProject
Project("{FAE04EC0-301F-11D3-BF4B-00C04F79EFBC}") = "ap2", "ap2\ap2.csproj", "{07240D1B-3152-464D-B6EC-71888078C1D0}"
EndProject
Global
	GlobalSection(SolutionConfigurationPlatforms) = preSolution
		Debug|Any CPU = Debug|Any CPU
		Release|Any CPU = Release|Any CPU
	EndGlobalSection
	GlobalSection(ProjectConfigurationPlatforms) = postSolution
		{16B22900-EAD8-4C67-AE50-6DC12D55173D}.Debug|Any CPU.ActiveCfg = Debug|Any CPU
		{16B22900-EAD8-4C67-AE50-6DC12D55173D}.Debug|Any CPU.Build.0 = Debug|Any CPU
		{16B22900-EAD8-4C67-AE50-6DC12D55173D}.Release|Any CPU.ActiveCfg = Release|Any CPU
		{16B22900-EAD8-4C67-AE50-6DC12D55173D}.Release|Any CPU.Build.0 = Release|Any CPU
		{07240D1B-3152-464D-B6EC-71888078C1D0}.Debug|Any CPU.ActiveCfg = Debug|Any CPU
		{07240D1B-3152-464D-B6EC-71888078C1D0}.Debug|Any CPU.Build.0 = Debug|Any CPU
		{07240D1B-3152-464D-B6EC-71888078C1D0}.Release|Any CPU.ActiveCfg = Release|Any CPU
		{07240D1B-3152-464D-B6EC-71888078C1D0}.Release|Any CPU.Build.0 = Release|Any CPU
	EndGlobalSection
	GlobalSection(SolutionProperties) = preSolution
		HideSolutionNode = FALSE
	EndGlobalSection
	GlobalSection(ExtensibilityGlobals) = postSolution
		SolutionGuid = {91F26AE2-D7F4-4D50-A2EF-F010DA139A4B}
	EndGlobalSection
EndGlobal
